
Microsoft Visual Studio Solution File, Format Version 12.00
# Visual Studio Version 17
VisualStudioVersion = 17.0.31903.59
MinimumVisualStudioVersion = 10.0.40219.1
Project("{2150E333-8FDC-42A3-9474-1A3956D46DE8}") = "src", "src", "{827E0CD3-B72D-47B6-A68D-7590B98EB39B}"
EndProject
Project("{FAE04EC0-301F-11D3-BF4B-00C04F79EFBC}") = "MessageBroker.Api", "src\MessageBroker.Api\MessageBroker.Api.csproj", "{CFEB52D2-8CA1-41B9-A0A6-8729DB69D72E}"
EndProject
Project("{FAE04EC0-301F-11D3-BF4B-00C04F79EFBC}") = "MessageBroker.Application", "src\MessageBroker.Application\MessageBroker.Application.csproj", "{FE996858-A15E-4DC6-9581-AD40E3706A45}"
EndProject
Project("{FAE04EC0-301F-11D3-BF4B-00C04F79EFBC}") = "MessageBroker.Domain", "src\MessageBroker.Domain\MessageBroker.Domain.csproj", "{A99BCEAF-DFDC-4397-B9E2-7EC2F141DB0A}"
EndProject
Project("{FAE04EC0-301F-11D3-BF4B-00C04F79EFBC}") = "MessageBroker.Contracts", "src\MessageBroker.Contracts\MessageBroker.Contracts.csproj", "{23EDFC65-6DB9-4E10-8950-1CCBDE139E7C}"
EndProject
Project("{FAE04EC0-301F-11D3-BF4B-00C04F79EFBC}") = "MessageBroker.Infrastructure", "src\MessageBroker.Infrastructure\MessageBroker.Infrastructure.csproj", "{BBD56E67-4FD1-4FF7-B57D-E5C838EC22D5}"
EndProject
Project("{FAE04EC0-301F-11D3-BF4B-00C04F79EFBC}") = "MessageBroker.Worker", "src\MessageBroker.Worker\MessageBroker.Worker.csproj", "{10DB99C5-C66F-4DDB-B036-0E82E7CEBAF7}"
EndProject
Project("{2150E333-8FDC-42A3-9474-1A3956D46DE8}") = "tests", "tests", "{0AB3BF05-4346-4AA6-1389-037BE0695223}"
EndProject
Project("{FAE04EC0-301F-11D3-BF4B-00C04F79EFBC}") = "MessageBroker.IntegrationTests", "tests\MessageBroker.IntegrationTests\MessageBroker.IntegrationTests.csproj", "{087F1BAC-1E4C-4F44-A1B3-BFD06A7C0F0A}"
EndProject
Project("{FAE04EC0-301F-11D3-BF4B-00C04F79EFBC}") = "MessageBroker.UnitTests", "tests\MessageBroker.UnitTests\MessageBroker.UnitTests.csproj", "{527AA4FF-30FB-4516-A4EA-52ED8205AEC5}"
EndProject
Project("{2150E333-8FDC-42A3-9474-1A3956D46DE8}") = "samples", "samples", "{5D20AA90-6969-D8BD-9DCD-8634F4692FDA}"
EndProject
Project("{FAE04EC0-301F-11D3-BF4B-00C04F79EFBC}") = "Samples.Shared", "samples\Samples.Shared\Samples.Shared.csproj", "{3361226D-009F-47EF-81EC-052A103612CF}"
EndProject
Project("{FAE04EC0-301F-11D3-BF4B-00C04F79EFBC}") = "SamplePublisher", "samples\SamplePublisher\SamplePublisher.csproj", "{B2630185-24B3-486F-9447-0A130848AFF8}"
EndProject
Project("{FAE04EC0-301F-11D3-BF4B-00C04F79EFBC}") = "WebhookSubscriber", "samples\WebhookSubscriber\WebhookSubscriber.csproj", "{BE1EE365-D3B6-477E-AE81-CEA3B6D9E7E1}"
EndProject
Project("{FAE04EC0-301F-11D3-BF4B-00C04F79EFBC}") = "SignalRSubscriber", "samples\SignalRSubscriber\SignalRSubscriber.csproj", "{FDA86170-A5C3-4966-B1AC-606316D312D3}"
EndProject
Project("{FAE04EC0-301F-11D3-BF4B-00C04F79EFBC}") = "PullSubscriber", "samples\PullSubscriber\PullSubscriber.csproj", "{AA425335-458C-412B-BFBE-F7242C34E615}"
EndProject
Project("{FAE04EC0-301F-11D3-BF4B-00C04F79EFBC}") = "BlazorPublisher", "samples\BlazorPublisher\BlazorPublisher.csproj", "{3A3782FF-526F-4253-A679-AF8E794F69B0}"
EndProject
Project("{FAE04EC0-301F-11D3-BF4B-00C04F79EFBC}") = "BlazorSubscriber", "samples\BlazorSubscriber\BlazorSubscriber.csproj", "{1188C12A-966D-4BDA-B4FC-DF66480AB79F}"
EndProject
Project("{FAE04EC0-301F-11D3-BF4B-00C04F79EFBC}") = "MessageBroker.LoadTests", "tests\MessageBroker.LoadTests\MessageBroker.LoadTests.csproj", "{53556032-C2AE-4AC6-8CD9-2CF2A37CF43C}"
EndProject
Project("{FAE04EC0-301F-11D3-BF4B-00C04F79EFBC}") = "MessageBroker.Dashboard", "src\MessageBroker.Dashboard\MessageBroker.Dashboard.csproj", "{12AF6EEC-43F0-4D35-96DC-C08A213965A4}"
EndProject
Project("{FAE04EC0-301F-11D3-BF4B-00C04F79EFBC}") = "MessageBroker.Dashboard.Tests", "tests\MessageBroker.Dashboard.Tests\MessageBroker.Dashboard.Tests.csproj", "{6BB60B4B-D313-4873-828C-8CE19A5FDF8B}"
EndProject
Project("{FAE04EC0-301F-11D3-BF4B-00C04F79EFBC}") = "ConsolePublisher", "samples\ConsolePublisher\ConsolePublisher.csproj", "{0EE87BD5-B122-46A3-B535-7EA6D0A347C1}"
EndProject
Project("{FAE04EC0-301F-11D3-BF4B-00C04F79EFBC}") = "ConsoleSubscriber", "samples\ConsoleSubscriber\ConsoleSubscriber.csproj", "{B9899233-BA63-4096-8C69-858BCC52C5B7}"
EndProject
Global
	GlobalSection(SolutionConfigurationPlatforms) = preSolution
		Debug|Any CPU = Debug|Any CPU
		Debug|x64 = Debug|x64
		Debug|x86 = Debug|x86
		Release|Any CPU = Release|Any CPU
		Release|x64 = Release|x64
		Release|x86 = Release|x86
	EndGlobalSection
	GlobalSection(ProjectConfigurationPlatforms) = postSolution
		{CFEB52D2-8CA1-41B9-A0A6-8729DB69D72E}.Debug|Any CPU.ActiveCfg = Debug|Any CPU
		{CFEB52D2-8CA1-41B9-A0A6-8729DB69D72E}.Debug|Any CPU.Build.0 = Debug|Any CPU
		{CFEB52D2-8CA1-41B9-A0A6-8729DB69D72E}.Debug|x64.ActiveCfg = Debug|Any CPU
		{CFEB52D2-8CA1-41B9-A0A6-8729DB69D72E}.Debug|x64.Build.0 = Debug|Any CPU
		{CFEB52D2-8CA1-41B9-A0A6-8729DB69D72E}.Debug|x86.ActiveCfg = Debug|Any CPU
		{CFEB52D2-8CA1-41B9-A0A6-8729DB69D72E}.Debug|x86.Build.0 = Debug|Any CPU
		{CFEB52D2-8CA1-41B9-A0A6-8729DB69D72E}.Release|Any CPU.ActiveCfg = Release|Any CPU
		{CFEB52D2-8CA1-41B9-A0A6-8729DB69D72E}.Release|Any CPU.Build.0 = Release|Any CPU
		{CFEB52D2-8CA1-41B9-A0A6-8729DB69D72E}.Release|x64.ActiveCfg = Release|Any CPU
		{CFEB52D2-8CA1-41B9-A0A6-8729DB69D72E}.Release|x64.Build.0 = Release|Any CPU
		{CFEB52D2-8CA1-41B9-A0A6-8729DB69D72E}.Release|x86.ActiveCfg = Release|Any CPU
		{CFEB52D2-8CA1-41B9-A0A6-8729DB69D72E}.Release|x86.Build.0 = Release|Any CPU
		{FE996858-A15E-4DC6-9581-AD40E3706A45}.Debug|Any CPU.ActiveCfg = Debug|Any CPU
		{FE996858-A15E-4DC6-9581-AD40E3706A45}.Debug|Any CPU.Build.0 = Debug|Any CPU
		{FE996858-A15E-4DC6-9581-AD40E3706A45}.Debug|x64.ActiveCfg = Debug|Any CPU
		{FE996858-A15E-4DC6-9581-AD40E3706A45}.Debug|x64.Build.0 = Debug|Any CPU
		{FE996858-A15E-4DC6-9581-AD40E3706A45}.Debug|x86.ActiveCfg = Debug|Any CPU
		{FE996858-A15E-4DC6-9581-AD40E3706A45}.Debug|x86.Build.0 = Debug|Any CPU
		{FE996858-A15E-4DC6-9581-AD40E3706A45}.Release|Any CPU.ActiveCfg = Release|Any CPU
		{FE996858-A15E-4DC6-9581-AD40E3706A45}.Release|Any CPU.Build.0 = Release|Any CPU
		{FE996858-A15E-4DC6-9581-AD40E3706A45}.Release|x64.ActiveCfg = Release|Any CPU
		{FE996858-A15E-4DC6-9581-AD40E3706A45}.Release|x64.Build.0 = Release|Any CPU
		{FE996858-A15E-4DC6-9581-AD40E3706A45}.Release|x86.ActiveCfg = Release|Any CPU
		{FE996858-A15E-4DC6-9581-AD40E3706A45}.Release|x86.Build.0 = Release|Any CPU
		{A99BCEAF-DFDC-4397-B9E2-7EC2F141DB0A}.Debug|Any CPU.ActiveCfg = Debug|Any CPU
		{A99BCEAF-DFDC-4397-B9E2-7EC2F141DB0A}.Debug|Any CPU.Build.0 = Debug|Any CPU
		{A99BCEAF-DFDC-4397-B9E2-7EC2F141DB0A}.Debug|x64.ActiveCfg = Debug|Any CPU
		{A99BCEAF-DFDC-4397-B9E2-7EC2F141DB0A}.Debug|x64.Build.0 = Debug|Any CPU
		{A99BCEAF-DFDC-4397-B9E2-7EC2F141DB0A}.Debug|x86.ActiveCfg = Debug|Any CPU
		{A99BCEAF-DFDC-4397-B9E2-7EC2F141DB0A}.Debug|x86.Build.0 = Debug|Any CPU
		{A99BCEAF-DFDC-4397-B9E2-7EC2F141DB0A}.Release|Any CPU.ActiveCfg = Release|Any CPU
		{A99BCEAF-DFDC-4397-B9E2-7EC2F141DB0A}.Release|Any CPU.Build.0 = Release|Any CPU
		{A99BCEAF-DFDC-4397-B9E2-7EC2F141DB0A}.Release|x64.ActiveCfg = Release|Any CPU
		{A99BCEAF-DFDC-4397-B9E2-7EC2F141DB0A}.Release|x64.Build.0 = Release|Any CPU
		{A99BCEAF-DFDC-4397-B9E2-7EC2F141DB0A}.Release|x86.ActiveCfg = Release|Any CPU
		{A99BCEAF-DFDC-4397-B9E2-7EC2F141DB0A}.Release|x86.Build.0 = Release|Any CPU
		{23EDFC65-6DB9-4E10-8950-1CCBDE139E7C}.Debug|Any CPU.ActiveCfg = Debug|Any CPU
		{23EDFC65-6DB9-4E10-8950-1CCBDE139E7C}.Debug|Any CPU.Build.0 = Debug|Any CPU
		{23EDFC65-6DB9-4E10-8950-1CCBDE139E7C}.Debug|x64.ActiveCfg = Debug|Any CPU
		{23EDFC65-6DB9-4E10-8950-1CCBDE139E7C}.Debug|x64.Build.0 = Debug|Any CPU
		{23EDFC65-6DB9-4E10-8950-1CCBDE139E7C}.Debug|x86.ActiveCfg = Debug|Any CPU
		{23EDFC65-6DB9-4E10-8950-1CCBDE139E7C}.Debug|x86.Build.0 = Debug|Any CPU
		{23EDFC65-6DB9-4E10-8950-1CCBDE139E7C}.Release|Any CPU.ActiveCfg = Release|Any CPU
		{23EDFC65-6DB9-4E10-8950-1CCBDE139E7C}.Release|Any CPU.Build.0 = Release|Any CPU
		{23EDFC65-6DB9-4E10-8950-1CCBDE139E7C}.Release|x64.ActiveCfg = Release|Any CPU
		{23EDFC65-6DB9-4E10-8950-1CCBDE139E7C}.Release|x64.Build.0 = Release|Any CPU
		{23EDFC65-6DB9-4E10-8950-1CCBDE139E7C}.Release|x86.ActiveCfg = Release|Any CPU
		{23EDFC65-6DB9-4E10-8950-1CCBDE139E7C}.Release|x86.Build.0 = Release|Any CPU
		{BBD56E67-4FD1-4FF7-B57D-E5C838EC22D5}.Debug|Any CPU.ActiveCfg = Debug|Any CPU
		{BBD56E67-4FD1-4FF7-B57D-E5C838EC22D5}.Debug|Any CPU.Build.0 = Debug|Any CPU
		{BBD56E67-4FD1-4FF7-B57D-E5C838EC22D5}.Debug|x64.ActiveCfg = Debug|Any CPU
		{BBD56E67-4FD1-4FF7-B57D-E5C838EC22D5}.Debug|x64.Build.0 = Debug|Any CPU
		{BBD56E67-4FD1-4FF7-B57D-E5C838EC22D5}.Debug|x86.ActiveCfg = Debug|Any CPU
		{BBD56E67-4FD1-4FF7-B57D-E5C838EC22D5}.Debug|x86.Build.0 = Debug|Any CPU
		{BBD56E67-4FD1-4FF7-B57D-E5C838EC22D5}.Release|Any CPU.ActiveCfg = Release|Any CPU
		{BBD56E67-4FD1-4FF7-B57D-E5C838EC22D5}.Release|Any CPU.Build.0 = Release|Any CPU
		{BBD56E67-4FD1-4FF7-B57D-E5C838EC22D5}.Release|x64.ActiveCfg = Release|Any CPU
		{BBD56E67-4FD1-4FF7-B57D-E5C838EC22D5}.Release|x64.Build.0 = Release|Any CPU
		{BBD56E67-4FD1-4FF7-B57D-E5C838EC22D5}.Release|x86.ActiveCfg = Release|Any CPU
		{BBD56E67-4FD1-4FF7-B57D-E5C838EC22D5}.Release|x86.Build.0 = Release|Any CPU
		{10DB99C5-C66F-4DDB-B036-0E82E7CEBAF7}.Debug|Any CPU.ActiveCfg = Debug|Any CPU
		{10DB99C5-C66F-4DDB-B036-0E82E7CEBAF7}.Debug|Any CPU.Build.0 = Debug|Any CPU
		{10DB99C5-C66F-4DDB-B036-0E82E7CEBAF7}.Debug|x64.ActiveCfg = Debug|Any CPU
		{10DB99C5-C66F-4DDB-B036-0E82E7CEBAF7}.Debug|x64.Build.0 = Debug|Any CPU
		{10DB99C5-C66F-4DDB-B036-0E82E7CEBAF7}.Debug|x86.ActiveCfg = Debug|Any CPU
		{10DB99C5-C66F-4DDB-B036-0E82E7CEBAF7}.Debug|x86.Build.0 = Debug|Any CPU
		{10DB99C5-C66F-4DDB-B036-0E82E7CEBAF7}.Release|Any CPU.ActiveCfg = Release|Any CPU
		{10DB99C5-C66F-4DDB-B036-0E82E7CEBAF7}.Release|Any CPU.Build.0 = Release|Any CPU
		{10DB99C5-C66F-4DDB-B036-0E82E7CEBAF7}.Release|x64.ActiveCfg = Release|Any CPU
		{10DB99C5-C66F-4DDB-B036-0E82E7CEBAF7}.Release|x64.Build.0 = Release|Any CPU
		{10DB99C5-C66F-4DDB-B036-0E82E7CEBAF7}.Release|x86.ActiveCfg = Release|Any CPU
		{10DB99C5-C66F-4DDB-B036-0E82E7CEBAF7}.Release|x86.Build.0 = Release|Any CPU
		{087F1BAC-1E4C-4F44-A1B3-BFD06A7C0F0A}.Debug|Any CPU.ActiveCfg = Debug|Any CPU
		{087F1BAC-1E4C-4F44-A1B3-BFD06A7C0F0A}.Debug|Any CPU.Build.0 = Debug|Any CPU
		{087F1BAC-1E4C-4F44-A1B3-BFD06A7C0F0A}.Debug|x64.ActiveCfg = Debug|Any CPU
		{087F1BAC-1E4C-4F44-A1B3-BFD06A7C0F0A}.Debug|x64.Build.0 = Debug|Any CPU
		{087F1BAC-1E4C-4F44-A1B3-BFD06A7C0F0A}.Debug|x86.ActiveCfg = Debug|Any CPU
		{087F1BAC-1E4C-4F44-A1B3-BFD06A7C0F0A}.Debug|x86.Build.0 = Debug|Any CPU
		{087F1BAC-1E4C-4F44-A1B3-BFD06A7C0F0A}.Release|Any CPU.ActiveCfg = Release|Any CPU
		{087F1BAC-1E4C-4F44-A1B3-BFD06A7C0F0A}.Release|Any CPU.Build.0 = Release|Any CPU
		{087F1BAC-1E4C-4F44-A1B3-BFD06A7C0F0A}.Release|x64.ActiveCfg = Release|Any CPU
		{087F1BAC-1E4C-4F44-A1B3-BFD06A7C0F0A}.Release|x64.Build.0 = Release|Any CPU
		{087F1BAC-1E4C-4F44-A1B3-BFD06A7C0F0A}.Release|x86.ActiveCfg = Release|Any CPU
		{087F1BAC-1E4C-4F44-A1B3-BFD06A7C0F0A}.Release|x86.Build.0 = Release|Any CPU
		{527AA4FF-30FB-4516-A4EA-52ED8205AEC5}.Debug|Any CPU.ActiveCfg = Debug|Any CPU
		{527AA4FF-30FB-4516-A4EA-52ED8205AEC5}.Debug|Any CPU.Build.0 = Debug|Any CPU
		{527AA4FF-30FB-4516-A4EA-52ED8205AEC5}.Debug|x64.ActiveCfg = Debug|Any CPU
		{527AA4FF-30FB-4516-A4EA-52ED8205AEC5}.Debug|x64.Build.0 = Debug|Any CPU
		{527AA4FF-30FB-4516-A4EA-52ED8205AEC5}.Debug|x86.ActiveCfg = Debug|Any CPU
		{527AA4FF-30FB-4516-A4EA-52ED8205AEC5}.Debug|x86.Build.0 = Debug|Any CPU
		{527AA4FF-30FB-4516-A4EA-52ED8205AEC5}.Release|Any CPU.ActiveCfg = Release|Any CPU
		{527AA4FF-30FB-4516-A4EA-52ED8205AEC5}.Release|Any CPU.Build.0 = Release|Any CPU
		{527AA4FF-30FB-4516-A4EA-52ED8205AEC5}.Release|x64.ActiveCfg = Release|Any CPU
		{527AA4FF-30FB-4516-A4EA-52ED8205AEC5}.Release|x64.Build.0 = Release|Any CPU
		{527AA4FF-30FB-4516-A4EA-52ED8205AEC5}.Release|x86.ActiveCfg = Release|Any CPU
		{527AA4FF-30FB-4516-A4EA-52ED8205AEC5}.Release|x86.Build.0 = Release|Any CPU
		{3361226D-009F-47EF-81EC-052A103612CF}.Debug|Any CPU.ActiveCfg = Debug|Any CPU
		{3361226D-009F-47EF-81EC-052A103612CF}.Debug|Any CPU.Build.0 = Debug|Any CPU
		{3361226D-009F-47EF-81EC-052A103612CF}.Debug|x64.ActiveCfg = Debug|Any CPU
		{3361226D-009F-47EF-81EC-052A103612CF}.Debug|x64.Build.0 = Debug|Any CPU
		{3361226D-009F-47EF-81EC-052A103612CF}.Debug|x86.ActiveCfg = Debug|Any CPU
		{3361226D-009F-47EF-81EC-052A103612CF}.Debug|x86.Build.0 = Debug|Any CPU
		{3361226D-009F-47EF-81EC-052A103612CF}.Release|Any CPU.ActiveCfg = Release|Any CPU
		{3361226D-009F-47EF-81EC-052A103612CF}.Release|Any CPU.Build.0 = Release|Any CPU
		{3361226D-009F-47EF-81EC-052A103612CF}.Release|x64.ActiveCfg = Release|Any CPU
		{3361226D-009F-47EF-81EC-052A103612CF}.Release|x64.Build.0 = Release|Any CPU
		{3361226D-009F-47EF-81EC-052A103612CF}.Release|x86.ActiveCfg = Release|Any CPU
		{3361226D-009F-47EF-81EC-052A103612CF}.Release|x86.Build.0 = Release|Any CPU
		{B2630185-24B3-486F-9447-0A130848AFF8}.Debug|Any CPU.ActiveCfg = Debug|Any CPU
		{B2630185-24B3-486F-9447-0A130848AFF8}.Debug|Any CPU.Build.0 = Debug|Any CPU
		{B2630185-24B3-486F-9447-0A130848AFF8}.Debug|x64.ActiveCfg = Debug|Any CPU
		{B2630185-24B3-486F-9447-0A130848AFF8}.Debug|x64.Build.0 = Debug|Any CPU
		{B2630185-24B3-486F-9447-0A130848AFF8}.Debug|x86.ActiveCfg = Debug|Any CPU
		{B2630185-24B3-486F-9447-0A130848AFF8}.Debug|x86.Build.0 = Debug|Any CPU
		{B2630185-24B3-486F-9447-0A130848AFF8}.Release|Any CPU.ActiveCfg = Release|Any CPU
		{B2630185-24B3-486F-9447-0A130848AFF8}.Release|Any CPU.Build.0 = Release|Any CPU
		{B2630185-24B3-486F-9447-0A130848AFF8}.Release|x64.ActiveCfg = Release|Any CPU
		{B2630185-24B3-486F-9447-0A130848AFF8}.Release|x64.Build.0 = Release|Any CPU
		{B2630185-24B3-486F-9447-0A130848AFF8}.Release|x86.ActiveCfg = Release|Any CPU
		{B2630185-24B3-486F-9447-0A130848AFF8}.Release|x86.Build.0 = Release|Any CPU
		{BE1EE365-D3B6-477E-AE81-CEA3B6D9E7E1}.Debug|Any CPU.ActiveCfg = Debug|Any CPU
		{BE1EE365-D3B6-477E-AE81-CEA3B6D9E7E1}.Debug|Any CPU.Build.0 = Debug|Any CPU
		{BE1EE365-D3B6-477E-AE81-CEA3B6D9E7E1}.Debug|x64.ActiveCfg = Debug|Any CPU
		{BE1EE365-D3B6-477E-AE81-CEA3B6D9E7E1}.Debug|x64.Build.0 = Debug|Any CPU
		{BE1EE365-D3B6-477E-AE81-CEA3B6D9E7E1}.Debug|x86.ActiveCfg = Debug|Any CPU
		{BE1EE365-D3B6-477E-AE81-CEA3B6D9E7E1}.Debug|x86.Build.0 = Debug|Any CPU
		{BE1EE365-D3B6-477E-AE81-CEA3B6D9E7E1}.Release|Any CPU.ActiveCfg = Release|Any CPU
		{BE1EE365-D3B6-477E-AE81-CEA3B6D9E7E1}.Release|Any CPU.Build.0 = Release|Any CPU
		{BE1EE365-D3B6-477E-AE81-CEA3B6D9E7E1}.Release|x64.ActiveCfg = Release|Any CPU
		{BE1EE365-D3B6-477E-AE81-CEA3B6D9E7E1}.Release|x64.Build.0 = Release|Any CPU
		{BE1EE365-D3B6-477E-AE81-CEA3B6D9E7E1}.Release|x86.ActiveCfg = Release|Any CPU
		{BE1EE365-D3B6-477E-AE81-CEA3B6D9E7E1}.Release|x86.Build.0 = Release|Any CPU
		{FDA86170-A5C3-4966-B1AC-606316D312D3}.Debug|Any CPU.ActiveCfg = Debug|Any CPU
		{FDA86170-A5C3-4966-B1AC-606316D312D3}.Debug|Any CPU.Build.0 = Debug|Any CPU
		{FDA86170-A5C3-4966-B1AC-606316D312D3}.Debug|x64.ActiveCfg = Debug|Any CPU
		{FDA86170-A5C3-4966-B1AC-606316D312D3}.Debug|x64.Build.0 = Debug|Any CPU
		{FDA86170-A5C3-4966-B1AC-606316D312D3}.Debug|x86.ActiveCfg = Debug|Any CPU
		{FDA86170-A5C3-4966-B1AC-606316D312D3}.Debug|x86.Build.0 = Debug|Any CPU
		{FDA86170-A5C3-4966-B1AC-606316D312D3}.Release|Any CPU.ActiveCfg = Release|Any CPU
		{FDA86170-A5C3-4966-B1AC-606316D312D3}.Release|Any CPU.Build.0 = Release|Any CPU
		{FDA86170-A5C3-4966-B1AC-606316D312D3}.Release|x64.ActiveCfg = Release|Any CPU
		{FDA86170-A5C3-4966-B1AC-606316D312D3}.Release|x64.Build.0 = Release|Any CPU
		{FDA86170-A5C3-4966-B1AC-606316D312D3}.Release|x86.ActiveCfg = Release|Any CPU
		{FDA86170-A5C3-4966-B1AC-606316D312D3}.Release|x86.Build.0 = Release|Any CPU
		{AA425335-458C-412B-BFBE-F7242C34E615}.Debug|Any CPU.ActiveCfg = Debug|Any CPU
		{AA425335-458C-412B-BFBE-F7242C34E615}.Debug|Any CPU.Build.0 = Debug|Any CPU
		{AA425335-458C-412B-BFBE-F7242C34E615}.Debug|x64.ActiveCfg = Debug|Any CPU
		{AA425335-458C-412B-BFBE-F7242C34E615}.Debug|x64.Build.0 = Debug|Any CPU
		{AA425335-458C-412B-BFBE-F7242C34E615}.Debug|x86.ActiveCfg = Debug|Any CPU
		{AA425335-458C-412B-BFBE-F7242C34E615}.Debug|x86.Build.0 = Debug|Any CPU
		{AA425335-458C-412B-BFBE-F7242C34E615}.Release|Any CPU.ActiveCfg = Release|Any CPU
		{AA425335-458C-412B-BFBE-F7242C34E615}.Release|Any CPU.Build.0 = Release|Any CPU
		{AA425335-458C-412B-BFBE-F7242C34E615}.Release|x64.ActiveCfg = Release|Any CPU
		{AA425335-458C-412B-BFBE-F7242C34E615}.Release|x64.Build.0 = Release|Any CPU
		{AA425335-458C-412B-BFBE-F7242C34E615}.Release|x86.ActiveCfg = Release|Any CPU
		{AA425335-458C-412B-BFBE-F7242C34E615}.Release|x86.Build.0 = Release|Any CPU
		{3A3782FF-526F-4253-A679-AF8E794F69B0}.Debug|Any CPU.ActiveCfg = Debug|Any CPU
		{3A3782FF-526F-4253-A679-AF8E794F69B0}.Debug|Any CPU.Build.0 = Debug|Any CPU
		{3A3782FF-526F-4253-A679-AF8E794F69B0}.Debug|x64.ActiveCfg = Debug|Any CPU
		{3A3782FF-526F-4253-A679-AF8E794F69B0}.Debug|x64.Build.0 = Debug|Any CPU
		{3A3782FF-526F-4253-A679-AF8E794F69B0}.Debug|x86.ActiveCfg = Debug|Any CPU
		{3A3782FF-526F-4253-A679-AF8E794F69B0}.Debug|x86.Build.0 = Debug|Any CPU
		{3A3782FF-526F-4253-A679-AF8E794F69B0}.Release|Any CPU.ActiveCfg = Release|Any CPU
		{3A3782FF-526F-4253-A679-AF8E794F69B0}.Release|Any CPU.Build.0 = Release|Any CPU
		{3A3782FF-526F-4253-A679-AF8E794F69B0}.Release|x64.ActiveCfg = Release|Any CPU
		{3A3782FF-526F-4253-A679-AF8E794F69B0}.Release|x64.Build.0 = Release|Any CPU
		{3A3782FF-526F-4253-A679-AF8E794F69B0}.Release|x86.ActiveCfg = Release|Any CPU
		{3A3782FF-526F-4253-A679-AF8E794F69B0}.Release|x86.Build.0 = Release|Any CPU
		{1188C12A-966D-4BDA-B4FC-DF66480AB79F}.Debug|Any CPU.ActiveCfg = Debug|Any CPU
		{1188C12A-966D-4BDA-B4FC-DF66480AB79F}.Debug|Any CPU.Build.0 = Debug|Any CPU
		{1188C12A-966D-4BDA-B4FC-DF66480AB79F}.Debug|x64.ActiveCfg = Debug|Any CPU
		{1188C12A-966D-4BDA-B4FC-DF66480AB79F}.Debug|x64.Build.0 = Debug|Any CPU
		{1188C12A-966D-4BDA-B4FC-DF66480AB79F}.Debug|x86.ActiveCfg = Debug|Any CPU
		{1188C12A-966D-4BDA-B4FC-DF66480AB79F}.Debug|x86.Build.0 = Debug|Any CPU
		{1188C12A-966D-4BDA-B4FC-DF66480AB79F}.Release|Any CPU.ActiveCfg = Release|Any CPU
		{1188C12A-966D-4BDA-B4FC-DF66480AB79F}.Release|Any CPU.Build.0 = Release|Any CPU
		{1188C12A-966D-4BDA-B4FC-DF66480AB79F}.Release|x64.ActiveCfg = Release|Any CPU
		{1188C12A-966D-4BDA-B4FC-DF66480AB79F}.Release|x64.Build.0 = Release|Any CPU
		{1188C12A-966D-4BDA-B4FC-DF66480AB79F}.Release|x86.ActiveCfg = Release|Any CPU
		{1188C12A-966D-4BDA-B4FC-DF66480AB79F}.Release|x86.Build.0 = Release|Any CPU
		{53556032-C2AE-4AC6-8CD9-2CF2A37CF43C}.Debug|Any CPU.ActiveCfg = Debug|Any CPU
		{53556032-C2AE-4AC6-8CD9-2CF2A37CF43C}.Debug|Any CPU.Build.0 = Debug|Any CPU
		{53556032-C2AE-4AC6-8CD9-2CF2A37CF43C}.Debug|x64.ActiveCfg = Debug|Any CPU
		{53556032-C2AE-4AC6-8CD9-2CF2A37CF43C}.Debug|x64.Build.0 = Debug|Any CPU
		{53556032-C2AE-4AC6-8CD9-2CF2A37CF43C}.Debug|x86.ActiveCfg = Debug|Any CPU
		{53556032-C2AE-4AC6-8CD9-2CF2A37CF43C}.Debug|x86.Build.0 = Debug|Any CPU
		{53556032-C2AE-4AC6-8CD9-2CF2A37CF43C}.Release|Any CPU.ActiveCfg = Release|Any CPU
		{53556032-C2AE-4AC6-8CD9-2CF2A37CF43C}.Release|Any CPU.Build.0 = Release|Any CPU
		{53556032-C2AE-4AC6-8CD9-2CF2A37CF43C}.Release|x64.ActiveCfg = Release|Any CPU
		{53556032-C2AE-4AC6-8CD9-2CF2A37CF43C}.Release|x64.Build.0 = Release|Any CPU
		{53556032-C2AE-4AC6-8CD9-2CF2A37CF43C}.Release|x86.ActiveCfg = Release|Any CPU
		{53556032-C2AE-4AC6-8CD9-2CF2A37CF43C}.Release|x86.Build.0 = Release|Any CPU
		{12AF6EEC-43F0-4D35-96DC-C08A213965A4}.Debug|Any CPU.ActiveCfg = Debug|Any CPU
		{12AF6EEC-43F0-4D35-96DC-C08A213965A4}.Debug|Any CPU.Build.0 = Debug|Any CPU
		{12AF6EEC-43F0-4D35-96DC-C08A213965A4}.Debug|x64.ActiveCfg = Debug|Any CPU
		{12AF6EEC-43F0-4D35-96DC-C08A213965A4}.Debug|x64.Build.0 = Debug|Any CPU
		{12AF6EEC-43F0-4D35-96DC-C08A213965A4}.Debug|x86.ActiveCfg = Debug|Any CPU
		{12AF6EEC-43F0-4D35-96DC-C08A213965A4}.Debug|x86.Build.0 = Debug|Any CPU
		{12AF6EEC-43F0-4D35-96DC-C08A213965A4}.Release|Any CPU.ActiveCfg = Release|Any CPU
		{12AF6EEC-43F0-4D35-96DC-C08A213965A4}.Release|Any CPU.Build.0 = Release|Any CPU
		{12AF6EEC-43F0-4D35-96DC-C08A213965A4}.Release|x64.ActiveCfg = Release|Any CPU
		{12AF6EEC-43F0-4D35-96DC-C08A213965A4}.Release|x64.Build.0 = Release|Any CPU
		{12AF6EEC-43F0-4D35-96DC-C08A213965A4}.Release|x86.ActiveCfg = Release|Any CPU
		{12AF6EEC-43F0-4D35-96DC-C08A213965A4}.Release|x86.Build.0 = Release|Any CPU
		{6BB60B4B-D313-4873-828C-8CE19A5FDF8B}.Debug|Any CPU.ActiveCfg = Debug|Any CPU
		{6BB60B4B-D313-4873-828C-8CE19A5FDF8B}.Debug|Any CPU.Build.0 = Debug|Any CPU
		{6BB60B4B-D313-4873-828C-8CE19A5FDF8B}.Debug|x64.ActiveCfg = Debug|Any CPU
		{6BB60B4B-D313-4873-828C-8CE19A5FDF8B}.Debug|x64.Build.0 = Debug|Any CPU
		{6BB60B4B-D313-4873-828C-8CE19A5FDF8B}.Debug|x86.ActiveCfg = Debug|Any CPU
		{6BB60B4B-D313-4873-828C-8CE19A5FDF8B}.Debug|x86.Build.0 = Debug|Any CPU
		{6BB60B4B-D313-4873-828C-8CE19A5FDF8B}.Release|Any CPU.ActiveCfg = Release|Any CPU
		{6BB60B4B-D313-4873-828C-8CE19A5FDF8B}.Release|Any CPU.Build.0 = Release|Any CPU
		{6BB60B4B-D313-4873-828C-8CE19A5FDF8B}.Release|x64.ActiveCfg = Release|Any CPU
		{6BB60B4B-D313-4873-828C-8CE19A5FDF8B}.Release|x64.Build.0 = Release|Any CPU
		{6BB60B4B-D313-4873-828C-8CE19A5FDF8B}.Release|x86.ActiveCfg = Release|Any CPU
		{6BB60B4B-D313-4873-828C-8CE19A5FDF8B}.Release|x86.Build.0 = Release|Any CPU
		{0EE87BD5-B122-46A3-B535-7EA6D0A347C1}.Debug|Any CPU.ActiveCfg = Debug|Any CPU
		{0EE87BD5-B122-46A3-B535-7EA6D0A347C1}.Debug|Any CPU.Build.0 = Debug|Any CPU
		{0EE87BD5-B122-46A3-B535-7EA6D0A347C1}.Debug|x64.ActiveCfg = Debug|Any CPU
		{0EE87BD5-B122-46A3-B535-7EA6D0A347C1}.Debug|x64.Build.0 = Debug|Any CPU
		{0EE87BD5-B122-46A3-B535-7EA6D0A347C1}.Debug|x86.ActiveCfg = Debug|Any CPU
		{0EE87BD5-B122-46A3-B535-7EA6D0A347C1}.Debug|x86.Build.0 = Debug|Any CPU
		{0EE87BD5-B122-46A3-B535-7EA6D0A347C1}.Release|Any CPU.ActiveCfg = Release|Any CPU
		{0EE87BD5-B122-46A3-B535-7EA6D0A347C1}.Release|Any CPU.Build.0 = Release|Any CPU
		{0EE87BD5-B122-46A3-B535-7EA6D0A347C1}.Release|x64.ActiveCfg = Release|Any CPU
		{0EE87BD5-B122-46A3-B535-7EA6D0A347C1}.Release|x64.Build.0 = Release|Any CPU
		{0EE87BD5-B122-46A3-B535-7EA6D0A347C1}.Release|x86.ActiveCfg = Release|Any CPU
		{0EE87BD5-B122-46A3-B535-7EA6D0A347C1}.Release|x86.Build.0 = Release|Any CPU
		{B9899233-BA63-4096-8C69-858BCC52C5B7}.Debug|Any CPU.ActiveCfg = Debug|Any CPU
		{B9899233-BA63-4096-8C69-858BCC52C5B7}.Debug|Any CPU.Build.0 = Debug|Any CPU
		{B9899233-BA63-4096-8C69-858BCC52C5B7}.Debug|x64.ActiveCfg = Debug|Any CPU
		{B9899233-BA63-4096-8C69-858BCC52C5B7}.Debug|x64.Build.0 = Debug|Any CPU
		{B9899233-BA63-4096-8C69-858BCC52C5B7}.Debug|x86.ActiveCfg = Debug|Any CPU
		{B9899233-BA63-4096-8C69-858BCC52C5B7}.Debug|x86.Build.0 = Debug|Any CPU
		{B9899233-BA63-4096-8C69-858BCC52C5B7}.Release|Any CPU.ActiveCfg = Release|Any CPU
		{B9899233-BA63-4096-8C69-858BCC52C5B7}.Release|Any CPU.Build.0 = Release|Any CPU
		{B9899233-BA63-4096-8C69-858BCC52C5B7}.Release|x64.ActiveCfg = Release|Any CPU
		{B9899233-BA63-4096-8C69-858BCC52C5B7}.Release|x64.Build.0 = Release|Any CPU
		{B9899233-BA63-4096-8C69-858BCC52C5B7}.Release|x86.ActiveCfg = Release|Any CPU
		{B9899233-BA63-4096-8C69-858BCC52C5B7}.Release|x86.Build.0 = Release|Any CPU
	EndGlobalSection
	GlobalSection(SolutionProperties) = preSolution
		HideSolutionNode = FALSE
	EndGlobalSection
	GlobalSection(NestedProjects) = preSolution
		{CFEB52D2-8CA1-41B9-A0A6-8729DB69D72E} = {827E0CD3-B72D-47B6-A68D-7590B98EB39B}
		{FE996858-A15E-4DC6-9581-AD40E3706A45} = {827E0CD3-B72D-47B6-A68D-7590B98EB39B}
		{A99BCEAF-DFDC-4397-B9E2-7EC2F141DB0A} = {827E0CD3-B72D-47B6-A68D-7590B98EB39B}
		{23EDFC65-6DB9-4E10-8950-1CCBDE139E7C} = {827E0CD3-B72D-47B6-A68D-7590B98EB39B}
		{BBD56E67-4FD1-4FF7-B57D-E5C838EC22D5} = {827E0CD3-B72D-47B6-A68D-7590B98EB39B}
		{10DB99C5-C66F-4DDB-B036-0E82E7CEBAF7} = {827E0CD3-B72D-47B6-A68D-7590B98EB39B}
		{087F1BAC-1E4C-4F44-A1B3-BFD06A7C0F0A} = {0AB3BF05-4346-4AA6-1389-037BE0695223}
		{527AA4FF-30FB-4516-A4EA-52ED8205AEC5} = {0AB3BF05-4346-4AA6-1389-037BE0695223}
		{3361226D-009F-47EF-81EC-052A103612CF} = {5D20AA90-6969-D8BD-9DCD-8634F4692FDA}
		{B2630185-24B3-486F-9447-0A130848AFF8} = {5D20AA90-6969-D8BD-9DCD-8634F4692FDA}
		{BE1EE365-D3B6-477E-AE81-CEA3B6D9E7E1} = {5D20AA90-6969-D8BD-9DCD-8634F4692FDA}
		{FDA86170-A5C3-4966-B1AC-606316D312D3} = {5D20AA90-6969-D8BD-9DCD-8634F4692FDA}
		{AA425335-458C-412B-BFBE-F7242C34E615} = {5D20AA90-6969-D8BD-9DCD-8634F4692FDA}
		{3A3782FF-526F-4253-A679-AF8E794F69B0} = {5D20AA90-6969-D8BD-9DCD-8634F4692FDA}
		{1188C12A-966D-4BDA-B4FC-DF66480AB79F} = {5D20AA90-6969-D8BD-9DCD-8634F4692FDA}
		{53556032-C2AE-4AC6-8CD9-2CF2A37CF43C} = {0AB3BF05-4346-4AA6-1389-037BE0695223}
		{12AF6EEC-43F0-4D35-96DC-C08A213965A4} = {827E0CD3-B72D-47B6-A68D-7590B98EB39B}
		{6BB60B4B-D313-4873-828C-8CE19A5FDF8B} = {0AB3BF05-4346-4AA6-1389-037BE0695223}
		{0EE87BD5-B122-46A3-B535-7EA6D0A347C1} = {5D20AA90-6969-D8BD-9DCD-8634F4692FDA}
		{B9899233-BA63-4096-8C69-858BCC52C5B7} = {5D20AA90-6969-D8BD-9DCD-8634F4692FDA}
	EndGlobalSection
EndGlobal
